<?xml version="1.0" encoding="utf-8"?>
<Project ToolsVersion="4.0" xmlns="http://schemas.microsoft.com/developer/msbuild/2003">
  <ItemGroup>
    <Filter Include="Source Files">
      <UniqueIdentifier>{4FC737F1-C7A5-4376-A066-2A32D752A2FF}</UniqueIdentifier>
      <Extensions>cpp;c;cc;cxx;def;odl;idl;hpj;bat;asm;asmx</Extensions>
    </Filter>
    <Filter Include="Header Files">
      <UniqueIdentifier>{93995380-89BD-4b04-88EB-625FBE52EBFB}</UniqueIdentifier>
      <Extensions>h;hpp;hxx;hm;inl;inc;xsd</Extensions>
    </Filter>
    <Filter Include="Resource Files">
      <UniqueIdentifier>{67DA6AB6-F800-4c08-8B7A-83BB121AAD01}</UniqueIdentifier>
      <Extensions>rc;ico;cur;bmp;dlg;rc2;rct;bin;rgs;gif;jpg;jpeg;jpe;resx;tiff;tif;png;wav</Extensions>
    </Filter>
    <Filter Include="Port">
      <UniqueIdentifier>{b1a1725e-c5f5-4c16-bfcd-9d397012dc66}</UniqueIdentifier>
    </Filter>
    <Filter Include="modbus">
      <UniqueIdentifier>{5ea1373d-009e-4b0e-890b-cfd898d268e5}</UniqueIdentifier>
    </Filter>
    <Filter Include="modbus\include">
      <UniqueIdentifier>{c8601f5f-574d-4b9d-aa33-ab3d59204e15}</UniqueIdentifier>
    </Filter>
    <Filter Include="modbus\functions">
      <UniqueIdentifier>{7393b272-113b-41d0-816b-655b2e9c4a69}</UniqueIdentifier>
    </Filter>
    <Filter Include="modbus\tcp">
      <UniqueIdentifier>{8b38fe3c-524c-4fff-b4f9-27d4d4028e26}</UniqueIdentifier>
    </Filter>
  </ItemGroup>
  <ItemGroup>
    <ClCompile Include="demo.cpp">
      <Filter>Source Files</Filter>
    </ClCompile>
    <ClCompile Include="stdafx.cpp">
      <Filter>Source Files</Filter>
    </ClCompile>
    <ClCompile Include="Port\portevent.c">
      <Filter>Port</Filter>
    </ClCompile>
    <ClCompile Include="Port\portother.c">
      <Filter>Port</Filter>
    </ClCompile>
    <ClCompile Include="Port\porttcp.c">
      <Filter>Port</Filter>
    </ClCompile>
    <ClCompile Include="..\..\modbus\mb.c">
      <Filter>modbus</Filter>
    </ClCompile>
    <ClCompile Include="..\..\modbus\functions\mbfunccoils.c">
      <Filter>modbus\functions</Filter>
    </ClCompile>
    <ClCompile Include="..\..\modbus\functions\mbfuncdiag.c">
      <Filter>modbus\functions</Filter>
    </ClCompile>
    <ClCompile Include="..\..\modbus\functions\mbfuncdisc.c">
      <Filter>modbus\functions</Filter>
    </ClCompile>
    <ClCompile Include="..\..\modbus\functions\mbfuncholding.c">
      <Filter>modbus\functions</Filter>
    </ClCompile>
    <ClCompile Include="..\..\modbus\functions\mbfuncinput.c">
      <Filter>modbus\functions</Filter>
    </ClCompile>
    <ClCompile Include="..\..\modbus\functions\mbfuncother.c">
      <Filter>modbus\functions</Filter>
    </ClCompile>
    <ClCompile Include="..\..\modbus\functions\mbutils.c">
      <Filter>modbus\functions</Filter>
    </ClCompile>
    <ClCompile Include="..\..\modbus\tcp\mbtcp.c">
      <Filter>modbus\tcp</Filter>
    </ClCompile>
  </ItemGroup>
  <ItemGroup>
    <ClInclude Include="stdafx.h">
      <Filter>Header Files</Filter>
    </ClInclude>
    <ClInclude Include="Port\port.h">
      <Filter>Port</Filter>
    </ClInclude>
    <ClInclude Include="..\..\modbus\include\mb.h">
      <Filter>modbus\include</Filter>
    </ClInclude>
    <ClInclude Include="..\..\modbus\include\mbconfig.h">
      <Filter>modbus\include</Filter>
    </ClInclude>
    <ClInclude Include="..\..\modbus\include\mbframe.h">
      <Filter>modbus\include</Filter>
    </ClInclude>
    <ClInclude Include="..\..\modbus\include\mbfunc.h">
      <Filter>modbus\include</Filter>
    </ClInclude>
    <ClInclude Include="..\..\modbus\include\mbport.h">
      <Filter>modbus\include</Filter>
    </ClInclude>
    <ClInclude Include="..\..\modbus\include\mbproto.h">
      <Filter>modbus\include</Filter>
    </ClInclude>
    <ClInclude Include="..\..\modbus\include\mbutils.h">
      <Filter>modbus\include</Filter>
    </ClInclude>
    <ClInclude Include="..\..\modbus\tcp\mbtcp.h">
      <Filter>modbus\tcp</Filter>
    </ClInclude>
  </ItemGroup>
  <ItemGroup>
    <Text Include="ReadMe.txt" />
  </ItemGroup>
</Project>